
Microsoft Visual Studio Solution File, Format Version 11.00
# Visual Studio 2010
Project("{FAE04EC0-301F-11D3-BF4B-00C04F79EFBC}") = "Achtung", "Achtung\Achtung\Achtung.csproj", "{EAED8175-B5FF-4A9D-A1F0-BEB598A26145}"
EndProject
Project("{96E2B04D-8817-42C6-938A-82C39BA4D311}") = "AchtungContent", "Achtung\AchtungContent\AchtungContent.contentproj", "{1ADC493A-AE07-4E69-A1BB-266B87358730}"
EndProject
Global
	GlobalSection(SolutionConfigurationPlatforms) = preSolution
		Debug|x86 = Debug|x86
		Release|x86 = Release|x86
	EndGlobalSection
	GlobalSection(ProjectConfigurationPlatforms) = postSolution
		{EAED8175-B5FF-4A9D-A1F0-BEB598A26145}.Debug|x86.ActiveCfg = Debug|x86
		{EAED8175-B5FF-4A9D-A1F0-BEB598A26145}.Debug|x86.Build.0 = Debug|x86
		{EAED8175-B5FF-4A9D-A1F0-BEB598A26145}.Release|x86.ActiveCfg = Release|x86
		{EAED8175-B5FF-4A9D-A1F0-BEB598A26145}.Release|x86.Build.0 = Release|x86
		{1ADC493A-AE07-4E69-A1BB-266B87358730}.Debug|x86.ActiveCfg = Debug|x86
		{1ADC493A-AE07-4E69-A1BB-266B87358730}.Release|x86.ActiveCfg = Release|x86
	EndGlobalSection
	GlobalSection(SolutionProperties) = preSolution
		HideSolutionNode = FALSE
	EndGlobalSection
EndGlobal
